
Microsoft Visual Studio Solution File, Format Version 12.00
# Visual Studio Version 17
VisualStudioVersion = 17.4.33403.182
MinimumVisualStudioVersion = 10.0.40219.1
Project("{9A19103F-16F7-4668-BE54-9A1E7A4F7556}") = "EBook", "EBook\EBook.csproj", "{3317DCB4-E577-45F6-B339-A55054D2D5B6}"
EndProject
Project("{FAE04EC0-301F-11D3-BF4B-00C04F79EFBC}") = "EBook.BussinesLogic", "EBook.BussinesLogic\EBook.BussinesLogic.csproj", "{BED8E24E-CA5F-456E-9FDF-572AE52349A6}"
EndProject
Project("{FAE04EC0-301F-11D3-BF4B-00C04F79EFBC}") = "EBook.Domain", "EBook.Domain\EBook.Domain.csproj", "{82C76891-125B-40C4-8D2E-14332671576C}"
EndProject
Project("{FAE04EC0-301F-11D3-BF4B-00C04F79EFBC}") = "EBook.Helpers", "EBook.Helpers\EBook.Helpers.csproj", "{04860943-736A-45E6-A364-218C67507307}"
EndProject
Global
	GlobalSection(SolutionConfigurationPlatforms) = preSolution
		Debug|Any CPU = Debug|Any CPU
		Release|Any CPU = Release|Any CPU
	EndGlobalSection
	GlobalSection(ProjectConfigurationPlatforms) = postSolution
		{3317DCB4-E577-45F6-B339-A55054D2D5B6}.Debug|Any CPU.ActiveCfg = Debug|Any CPU
		{3317DCB4-E577-45F6-B339-A55054D2D5B6}.Debug|Any CPU.Build.0 = Debug|Any CPU
		{3317DCB4-E577-45F6-B339-A55054D2D5B6}.Release|Any CPU.ActiveCfg = Release|Any CPU
		{3317DCB4-E577-45F6-B339-A55054D2D5B6}.Release|Any CPU.Build.0 = Release|Any CPU
		{BED8E24E-CA5F-456E-9FDF-572AE52349A6}.Debug|Any CPU.ActiveCfg = Debug|Any CPU
		{BED8E24E-CA5F-456E-9FDF-572AE52349A6}.Debug|Any CPU.Build.0 = Debug|Any CPU
		{BED8E24E-CA5F-456E-9FDF-572AE52349A6}.Release|Any CPU.ActiveCfg = Release|Any CPU
		{BED8E24E-CA5F-456E-9FDF-572AE52349A6}.Release|Any CPU.Build.0 = Release|Any CPU
		{82C76891-125B-40C4-8D2E-14332671576C}.Debug|Any CPU.ActiveCfg = Debug|Any CPU
		{82C76891-125B-40C4-8D2E-14332671576C}.Debug|Any CPU.Build.0 = Debug|Any CPU
		{82C76891-125B-40C4-8D2E-14332671576C}.Release|Any CPU.ActiveCfg = Release|Any CPU
		{82C76891-125B-40C4-8D2E-14332671576C}.Release|Any CPU.Build.0 = Release|Any CPU
		{04860943-736A-45E6-A364-218C67507307}.Debug|Any CPU.ActiveCfg = Debug|Any CPU
		{04860943-736A-45E6-A364-218C67507307}.Debug|Any CPU.Build.0 = Debug|Any CPU
		{04860943-736A-45E6-A364-218C67507307}.Release|Any CPU.ActiveCfg = Release|Any CPU
		{04860943-736A-45E6-A364-218C67507307}.Release|Any CPU.Build.0 = Release|Any CPU
	EndGlobalSection
	GlobalSection(SolutionProperties) = preSolution
		HideSolutionNode = FALSE
	EndGlobalSection
	GlobalSection(ExtensibilityGlobals) = postSolution
		SolutionGuid = {44F7975E-DB6C-4968-A4CE-59FB57E00F63}
	EndGlobalSection
EndGlobal
